
Microsoft Visual Studio Solution File, Format Version 12.00
# Visual Studio Version 17
VisualStudioVersion = 17.4.32916.344
MinimumVisualStudioVersion = 10.0.40219.1
Project("{2150E333-8FDC-42A3-9474-1A3956D46DE8}") = "Config", "Config", "{AEDF6707-D5E0-4849-9703-89A573F7ED99}"
	ProjectSection(SolutionItems) = preProject
		.editorconfig = .editorconfig
		.gitignore = .gitignore
	EndProjectSection
EndProject
Project("{2150E333-8FDC-42A3-9474-1A3956D46DE8}") = "Source", "Source", "{14CFB4CF-8C4B-4FA4-9E33-5011A231DC77}"
EndProject
Project("{9A19103F-16F7-4668-BE54-9A1E7A4F7556}") = "KnowledgePicker.WordCloud", "src\KnowledgePicker.WordCloud\KnowledgePicker.WordCloud.csproj", "{B91D707E-2B8B-4E3B-9F51-4EC66606642F}"
EndProject
Project("{2150E333-8FDC-42A3-9474-1A3956D46DE8}") = "Examples", "Examples", "{D148878F-C68E-40F0-A292-96E00CCD308B}"
EndProject
Project("{9A19103F-16F7-4668-BE54-9A1E7A4F7556}") = "WordFrequency.ConsoleApp", "examples\WordFrequency.ConsoleApp\WordFrequency.ConsoleApp.csproj", "{04B54227-4468-4505-B319-A270BBCFCCE5}"
EndProject
Project("{2150E333-8FDC-42A3-9474-1A3956D46DE8}") = "Docs", "Docs", "{F47A7AED-602F-4B34-B58C-D512AAC6B17A}"
	ProjectSection(SolutionItems) = preProject
		example.png = example.png
		LICENSE = LICENSE
		README.md = README.md
	EndProjectSection
EndProject
Project("{2150E333-8FDC-42A3-9474-1A3956D46DE8}") = "Tests", "Tests", "{2EB4847B-7D14-43FD-BD7A-36468D064A28}"
EndProject
Project("{FAE04EC0-301F-11D3-BF4B-00C04F79EFBC}") = "KnowledgePicker.WordCloud.Tests", "test\KnowledgePicker.WordCloud.Tests\KnowledgePicker.WordCloud.Tests.csproj", "{C2A5D1E3-F07D-4444-9A64-E025C9AA8287}"
EndProject
Global
	GlobalSection(SolutionConfigurationPlatforms) = preSolution
		Debug|Any CPU = Debug|Any CPU
		Release|Any CPU = Release|Any CPU
	EndGlobalSection
	GlobalSection(ProjectConfigurationPlatforms) = postSolution
		{B91D707E-2B8B-4E3B-9F51-4EC66606642F}.Debug|Any CPU.ActiveCfg = Debug|Any CPU
		{B91D707E-2B8B-4E3B-9F51-4EC66606642F}.Debug|Any CPU.Build.0 = Debug|Any CPU
		{B91D707E-2B8B-4E3B-9F51-4EC66606642F}.Release|Any CPU.ActiveCfg = Release|Any CPU
		{B91D707E-2B8B-4E3B-9F51-4EC66606642F}.Release|Any CPU.Build.0 = Release|Any CPU
		{04B54227-4468-4505-B319-A270BBCFCCE5}.Debug|Any CPU.ActiveCfg = Debug|Any CPU
		{04B54227-4468-4505-B319-A270BBCFCCE5}.Debug|Any CPU.Build.0 = Debug|Any CPU
		{04B54227-4468-4505-B319-A270BBCFCCE5}.Release|Any CPU.ActiveCfg = Release|Any CPU
		{04B54227-4468-4505-B319-A270BBCFCCE5}.Release|Any CPU.Build.0 = Release|Any CPU
		{C2A5D1E3-F07D-4444-9A64-E025C9AA8287}.Debug|Any CPU.ActiveCfg = Debug|Any CPU
		{C2A5D1E3-F07D-4444-9A64-E025C9AA8287}.Debug|Any CPU.Build.0 = Debug|Any CPU
		{C2A5D1E3-F07D-4444-9A64-E025C9AA8287}.Release|Any CPU.ActiveCfg = Release|Any CPU
		{C2A5D1E3-F07D-4444-9A64-E025C9AA8287}.Release|Any CPU.Build.0 = Release|Any CPU
	EndGlobalSection
	GlobalSection(SolutionProperties) = preSolution
		HideSolutionNode = FALSE
	EndGlobalSection
	GlobalSection(NestedProjects) = preSolution
		{B91D707E-2B8B-4E3B-9F51-4EC66606642F} = {14CFB4CF-8C4B-4FA4-9E33-5011A231DC77}
		{04B54227-4468-4505-B319-A270BBCFCCE5} = {D148878F-C68E-40F0-A292-96E00CCD308B}
		{C2A5D1E3-F07D-4444-9A64-E025C9AA8287} = {2EB4847B-7D14-43FD-BD7A-36468D064A28}
	EndGlobalSection
	GlobalSection(ExtensibilityGlobals) = postSolution
		SolutionGuid = {0B4A40B7-692F-4BF0-AA09-6FC3A58241C5}
	EndGlobalSection
EndGlobal
